
Microsoft Visual Studio Solution File, Format Version 12.00
# Visual Studio 15
VisualStudioVersion = 15.0.28307.438
MinimumVisualStudioVersion = 10.0.40219.1
Project("{2150E333-8FDC-42A3-9474-1A3956D46DE8}") = "Services", "Services", "{83398035-BFC4-4FBB-A226-6728AA126131}"
EndProject
Project("{2150E333-8FDC-42A3-9474-1A3956D46DE8}") = "Web", "Web", "{92F66C8B-CC10-4921-AE9C-4A88CBCDD62C}"
EndProject
Project("{2150E333-8FDC-42A3-9474-1A3956D46DE8}") = "Gateway", "Gateway", "{3A7B000B-2B26-4C13-9A6B-15C9B2022463}"
EndProject
Project("{9A19103F-16F7-4668-BE54-9A1E7A4F7556}") = "RentalPortal.Identity", "RentalPortal.Identity\RentalPortal.Identity.csproj", "{DB0EAF24-9D8C-4CF4-BC87-5EC1DE650BE9}"
EndProject
Project("{9A19103F-16F7-4668-BE54-9A1E7A4F7556}") = "RentalPortal.Order", "RentalPortal.Order\RentalPortal.Order.csproj", "{BA2E73E8-E519-4DF5-B36F-78AF495F6926}"
EndProject
Global
	GlobalSection(SolutionConfigurationPlatforms) = preSolution
		Debug|Any CPU = Debug|Any CPU
		Release|Any CPU = Release|Any CPU
	EndGlobalSection
	GlobalSection(ProjectConfigurationPlatforms) = postSolution
		{DB0EAF24-9D8C-4CF4-BC87-5EC1DE650BE9}.Debug|Any CPU.ActiveCfg = Debug|Any CPU
		{DB0EAF24-9D8C-4CF4-BC87-5EC1DE650BE9}.Debug|Any CPU.Build.0 = Debug|Any CPU
		{DB0EAF24-9D8C-4CF4-BC87-5EC1DE650BE9}.Release|Any CPU.ActiveCfg = Release|Any CPU
		{DB0EAF24-9D8C-4CF4-BC87-5EC1DE650BE9}.Release|Any CPU.Build.0 = Release|Any CPU
		{BA2E73E8-E519-4DF5-B36F-78AF495F6926}.Debug|Any CPU.ActiveCfg = Debug|Any CPU
		{BA2E73E8-E519-4DF5-B36F-78AF495F6926}.Debug|Any CPU.Build.0 = Debug|Any CPU
		{BA2E73E8-E519-4DF5-B36F-78AF495F6926}.Release|Any CPU.ActiveCfg = Release|Any CPU
		{BA2E73E8-E519-4DF5-B36F-78AF495F6926}.Release|Any CPU.Build.0 = Release|Any CPU
	EndGlobalSection
	GlobalSection(SolutionProperties) = preSolution
		HideSolutionNode = FALSE
	EndGlobalSection
	GlobalSection(NestedProjects) = preSolution
		{DB0EAF24-9D8C-4CF4-BC87-5EC1DE650BE9} = {83398035-BFC4-4FBB-A226-6728AA126131}
		{BA2E73E8-E519-4DF5-B36F-78AF495F6926} = {83398035-BFC4-4FBB-A226-6728AA126131}
	EndGlobalSection
	GlobalSection(ExtensibilityGlobals) = postSolution
		SolutionGuid = {7D98CDA7-C106-4996-A8D9-912EE807BF7F}
	EndGlobalSection
EndGlobal
